{
    "hash": "bd4c1ddfa9620167170931272d1d3868",
    "packages": [
        {
            "name": "cybits/minify",
            "version": "dev-master",
            "source": {
                "type": "git",
                "url": "https://github.com/fzerorubigd/minify.git",
                "reference": "32901230a61f545073e1308fc9d24c41faaba1e5"
            },
            "dist": {
                "type": "zip",
                "url": "https://api.github.com/repos/fzerorubigd/minify/zipball/32901230a61f545073e1308fc9d24c41faaba1e5",
                "reference": "32901230a61f545073e1308fc9d24c41faaba1e5",
                "shasum": ""
            },
            "type": "library",
            "autoload": {
                "classmap": [
                    "src/"
                ]
            },
            "notification-url": "https://packagist.org/downloads/",
            "authors": [
                {
                    "name": "Fzerorubigd",
                    "email": "fzerorubigd@gmail.com"
                }
            ],
            "description": "Minifier library from minify",
            "time": "2012-11-16 17:51:11"
        },
        {
            "name": "dflydev/markdown",
            "version": "v1.0.2",
            "source": {
                "type": "git",
                "url": "https://github.com/dflydev/dflydev-markdown.git",
                "reference": "v1.0.2"
            },
            "dist": {
                "type": "zip",
                "url": "https://github.com/dflydev/dflydev-markdown/zipball/v1.0.2",
                "reference": "v1.0.2",
                "shasum": ""
            },
            "require": {
                "php": ">=5.3"
            },
            "type": "library",
            "autoload": {
                "psr-0": {
                    "dflydev\\markdown": "src"
                }
            },
            "notification-url": "https://packagist.org/downloads/",
            "license": [
                "New BSD License"
            ],
            "authors": [
                {
                    "name": "Dragonfly Development Inc.",
                    "email": "info@dflydev.com",
                    "homepage": "http://dflydev.com"
                },
                {
                    "name": "Beau Simensen",
                    "email": "beau@dflydev.com",
                    "homepage": "http://beausimensen.com"
                },
                {
                    "name": "Michel Fortin",
                    "homepage": "http://michelf.com"
                },
                {
                    "name": "John Gruber",
                    "homepage": "http://daringfireball.net"
                }
            ],
            "description": "PHP Markdown & Extra",
            "homepage": "http://github.com/dflydev/dflydev-markdown",
            "keywords": [
                "markdown"
            ],
            "time": "2012-01-15 19:36:37"
        },
        {
            "name": "phptypography/phptypography",
            "version": "v1.21",
            "source": {
                "type": "git",
                "url": "https://github.com/adamaveray/PHPTypography.git",
                "reference": "v1.21"
            },
            "dist": {
                "type": "zip",
                "url": "https://api.github.com/repos/adamaveray/PHPTypography/zipball/v1.21",
                "reference": "v1.21",
                "shasum": ""
            },
            "require": {
                "php": ">=5.2.4"
            },
            "type": "library",
            "autoload": {
                "psr-0": {
                    "PHPTypography": "lib/"
                }
            },
            "license": [
                "GPL-2.0"
            ],
            "authors": [
                {
                    "name": "KINGdesk",
                    "homepage": "http://kingdesk.com/"
                }
            ],
            "description": "PHP Typography is a PHP based solution to greatly improve web typography",
            "homepage": "https://github.com/adamaveray/PHPTypography",
            "keywords": [
                "typography"
            ],
            "support": {
                "source": "https://github.com/adamaveray/PHPTypography/tree/v1.21",
                "issues": "https://github.com/adamaveray/PHPTypography/issues"
            },
            "time": "2013-03-23 20:49:23"
        },
        {
            "name": "twig/twig",
            "version": "v1.12.2",
            "source": {
                "type": "git",
                "url": "git://github.com/fabpot/Twig.git",
                "reference": "v1.12.2"
            },
            "dist": {
                "type": "zip",
                "url": "https://api.github.com/repos/fabpot/Twig/zipball/v1.12.2",
                "reference": "v1.12.2",
                "shasum": ""
            },
            "require": {
                "php": ">=5.2.4"
            },
            "type": "library",
            "extra": {
                "branch-alias": {
                    "dev-master": "1.12-dev"
                }
            },
            "autoload": {
                "psr-0": {
                    "Twig_": "lib/"
                }
            },
            "notification-url": "https://packagist.org/downloads/",
            "license": [
                "BSD-3"
            ],
            "authors": [
                {
                    "name": "Fabien Potencier",
                    "email": "fabien@symfony.com"
                },
                {
                    "name": "Armin Ronacher",
                    "email": "armin.ronacher@active-4.com"
                }
            ],
            "description": "Twig, the flexible, fast, and secure template language for PHP",
            "homepage": "http://twig.sensiolabs.org",
            "keywords": [
                "templating"
            ],
            "time": "2013-02-09 18:21:53"
        }
    ],
    "packages-dev": [

    ],
    "aliases": [

    ],
    "minimum-stability": "stable",
    "stability-flags": {
        "cybits/minify": 20
    },
    "platform": [

    ],
    "platform-dev": [

    ]
}
